{
  "requires": true,
  "lockfileVersion": 1,
  "dependencies": {
    "react-parallax": {
      "version": "2.1.0",
      "resolved": "https://registry.npmjs.org/react-parallax/-/react-parallax-2.1.0.tgz",
      "integrity": "sha512-L2cA4u5d1I0jovKJUVWL4ygAhuzCfHLTOTuU020nj87McapHzrsbuuICSfKCH1woHDgWuBuftthBi0cVph+gWg=="
    }
  }
}
